{
  "version": 4,
  "terraform_version": "1.4.2",
  "serial": 268,
  "lineage": "86b66218-011e-c9fb-ce65-206f37b12385",
  "outputs": {},
  "resources": [
    {
      "mode": "managed",
      "type": "aws_autoscaling_group",
      "name": "WebaapProject_Auto_scale",
      "provider": "provider[\"registry.terraform.io/hashicorp/aws\"]",
      "instances": [
        {
          "schema_version": 0,
          "attributes": {
            "arn": "arn:aws:autoscaling:ap-south-1:328245990239:autoScalingGroup:f753e549-0b0f-433b-9d77-fe2406a02166:autoScalingGroupName/terraform-20230417073739474100000002",
            "availability_zones": [
              "ap-south-1a",
              "ap-south-1b"
            ],
            "capacity_rebalance": false,
            "context": "",
            "default_cooldown": 300,
            "default_instance_warmup": 0,
            "desired_capacity": 2,
            "desired_capacity_type": "",
            "enabled_metrics": null,
            "force_delete": false,
            "force_delete_warm_pool": false,
            "health_check_grace_period": 300,
            "health_check_type": "EC2",
            "id": "terraform-20230417073739474100000002",
            "initial_lifecycle_hook": [],
            "instance_refresh": [],
            "launch_configuration": "",
            "launch_template": [
              {
                "id": "lt-0df921d4a5a691d38",
                "name": "WebaapProject_launch_tamplate",
                "version": "$Latest"
              }
            ],
            "load_balancers": null,
            "max_instance_lifetime": 0,
            "max_size": 5,
            "metrics_granularity": "1Minute",
            "min_elb_capacity": null,
            "min_size": 2,
            "mixed_instances_policy": [],
            "name": "terraform-20230417073739474100000002",
            "name_prefix": "terraform-",
            "placement_group": "",
            "protect_from_scale_in": false,
            "service_linked_role_arn": "arn:aws:iam::328245990239:role/aws-service-role/autoscaling.amazonaws.com/AWSServiceRoleForAutoScaling",
            "suspended_processes": null,
            "tag": [],
            "tags": null,
            "target_group_arns": [
              "arn:aws:elasticloadbalancing:ap-south-1:328245990239:targetgroup/WebaapProjectLBASG/72d24ef185d40da1"
            ],
            "termination_policies": null,
            "timeouts": null,
            "vpc_zone_identifier": [
              "subnet-0992e0febee0a42e2",
              "subnet-0bfe767f1fe4266f8"
            ],
            "wait_for_capacity_timeout": "10m",
            "wait_for_elb_capacity": null,
            "warm_pool": []
          },
          "sensitive_attributes": [],
          "private": "eyJlMmJmYjczMC1lY2FhLTExZTYtOGY4OC0zNDM2M2JjN2M0YzAiOnsiZGVsZXRlIjo2MDAwMDAwMDAwMDAsInVwZGF0ZSI6NjAwMDAwMDAwMDAwfX0=",
          "dependencies": [
            "aws_key_pair.loginkey",
            "aws_launch_template.WebaapProject_launch_tamplate",
            "aws_lb_target_group.WebaapProjectLBTargetGroupASG",
            "aws_security_group.WebaapProjectSG",
            "aws_subnet.WebbappProject_ap-south-1a",
            "aws_subnet.WebbappProject_ap-south-1b",
            "aws_vpc.WebaapProjectVPC"
          ]
        }
      ]
    },
    {
      "mode": "managed",
      "type": "aws_internet_gateway",
      "name": "WebaapProjectIG",
      "provider": "provider[\"registry.terraform.io/hashicorp/aws\"]",
      "instances": [
        {
          "schema_version": 0,
          "attributes": {
            "arn": "arn:aws:ec2:ap-south-1:328245990239:internet-gateway/igw-06d77c2a14198a64d",
            "id": "igw-06d77c2a14198a64d",
            "owner_id": "328245990239",
            "tags": {
              "Name": "WebaapProjectIG"
            },
            "tags_all": {
              "Name": "WebaapProjectIG"
            },
            "timeouts": null,
            "vpc_id": "vpc-0d55d7cfc852c6d41"
          },
          "sensitive_attributes": [],
          "private": "eyJlMmJmYjczMC1lY2FhLTExZTYtOGY4OC0zNDM2M2JjN2M0YzAiOnsiY3JlYXRlIjoxMjAwMDAwMDAwMDAwLCJkZWxldGUiOjEyMDAwMDAwMDAwMDAsInVwZGF0ZSI6MTIwMDAwMDAwMDAwMH19",
          "dependencies": [
            "aws_vpc.WebaapProjectVPC"
          ]
        }
      ]
    },
    {
      "mode": "managed",
      "type": "aws_key_pair",
      "name": "loginkey",
      "provider": "provider[\"registry.terraform.io/hashicorp/aws\"]",
      "instances": [
        {
          "schema_version": 1,
          "attributes": {
            "arn": "arn:aws:ec2:ap-south-1:328245990239:key-pair/loginkey",
            "fingerprint": "8f:a3:43:a4:0e:2e:34:c7:68:46:2d:f6:83:73:c7:17",
            "id": "loginkey",
            "key_name": "loginkey",
            "key_name_prefix": "",
            "key_pair_id": "key-080421cdb5af83b5c",
            "key_type": "rsa",
            "public_key": "ssh-rsa AAAAB3NzaC1yc2EAAAADAQABAAABgQDKG+/jeh2bsuUvrOxvyUHGvqqR77Bh98+lPHgJjpp7yB3/vodz6i8lozMAbkbPMicKJx1D/6grCmFakTTlC8Nk8nZRi5Y/Zr+Vab2Wk6xP/D8+y1JrRxoU0rJqBCkpB/PewpTh0MjZWfv5xXykkwihpq69mtGXOaX5IfnC+pou/NtyGqEV3z5M3XVoOe5XiEWfMnoitBu+Sucrs6sM80bY9u9FuHKbBCA+SNPORoX+6afXMsRQOe+9sWu0tEvvb9Yvqto8dDYCN2mCsj8UaawavXbP1S/eh4MBtJmifdNifR3NA4QhSbe1gqLBlbMBQwlCdpZBjuHWJnr+URUdihRN/PHPp0YySGaGu5Gpqe/eU9vpVx7URSUbJ0lM02sI6ZlGINVODGuNeDnsVyKV5KzmHKtGGEpOuEqZcP8pxfvjgkcztFSefhmi0V8bHObQkf2/0CiLRSN68VeHeVFY8bVE04dgwIto/K2aFUMJT2gcBd5Z/Q8iv9mxoXDo9R1zwGM= Ganesh RAJPUT@DESKTOP-A1N9VGA",
            "tags": null,
            "tags_all": {}
          },
          "sensitive_attributes": [],
          "private": "eyJzY2hlbWFfdmVyc2lvbiI6IjEifQ=="
        }
      ]
    },
    {
      "mode": "managed",
      "type": "aws_launch_template",
      "name": "WebaapProject_launch_tamplate",
      "provider": "provider[\"registry.terraform.io/hashicorp/aws\"]",
      "instances": [
        {
          "schema_version": 0,
          "attributes": {
            "arn": "arn:aws:ec2:ap-south-1:328245990239:launch-template/lt-0df921d4a5a691d38",
            "block_device_mappings": [],
            "capacity_reservation_specification": [],
            "cpu_options": [],
            "credit_specification": [],
            "default_version": 1,
            "description": "",
            "disable_api_stop": false,
            "disable_api_termination": false,
            "ebs_optimized": "",
            "elastic_gpu_specifications": [],
            "elastic_inference_accelerator": [],
            "enclave_options": [],
            "hibernation_options": [],
            "iam_instance_profile": [],
            "id": "lt-0df921d4a5a691d38",
            "image_id": "ami-02eb7a4783e7e9317",
            "instance_initiated_shutdown_behavior": "",
            "instance_market_options": [],
            "instance_requirements": [],
            "instance_type": "t2.nano",
            "kernel_id": "",
            "key_name": "loginkey",
            "latest_version": 1,
            "license_specification": [],
            "maintenance_options": [],
            "metadata_options": [],
            "monitoring": [],
            "name": "WebaapProject_launch_tamplate",
            "name_prefix": "",
            "network_interfaces": [],
            "placement": [],
            "private_dns_name_options": [],
            "ram_disk_id": "",
            "security_group_names": null,
            "tag_specifications": [
              {
                "resource_type": "instance",
                "tags": {
                  "Name": "WebaapProject_launch_tamplate"
                }
              }
            ],
            "tags": null,
            "tags_all": {},
            "update_default_version": null,
            "user_data": "IyEvYmluL2Jhc2gKCnN1ZG8gc3UgLSByb290CmFwdC1nZXQgdXBkYXRlCmFwdC1nZXQgaW5zdGFsbCBhcGFjaGUyIC15CmFwdC1nZXQgdXBkYXRlCnN1ZG8gYXB0IGluc3RhbGwgZGVmYXVsdC1qcmUgLXkKY2QgL3Zhci93d3cvaHRtbApybSBpbmRleC5odG1sCmNkIC9yb290CmdpdCBjbG9uZSBodHRwczovL2dpdGh1Yi5jb20vZ2FuZXNocmFqcHV0L21vYmlsZS1zaG9wLWJhY2tlbmQuZ2l0CmNwIC1yZiBtb2JpbGUtc2hvcC1iYWNrZW5kLyogL3Zhci93d3cvaHRtbC8KCgo=",
            "vpc_security_group_ids": [
              "sg-0852ec50000157728"
            ]
          },
          "sensitive_attributes": [],
          "private": "bnVsbA==",
          "dependencies": [
            "aws_key_pair.loginkey",
            "aws_security_group.WebaapProjectSG",
            "aws_vpc.WebaapProjectVPC"
          ]
        }
      ]
    },
    {
      "mode": "managed",
      "type": "aws_lb",
      "name": "WebaapProjectLBASG",
      "provider": "provider[\"registry.terraform.io/hashicorp/aws\"]",
      "instances": [
        {
          "schema_version": 0,
          "attributes": {
            "access_logs": [
              {
                "bucket": "",
                "enabled": false,
                "prefix": ""
              }
            ],
            "arn": "arn:aws:elasticloadbalancing:ap-south-1:328245990239:loadbalancer/app/WebaapProjectLBASG/f8cad3f62d6faa94",
            "arn_suffix": "app/WebaapProjectLBASG/f8cad3f62d6faa94",
            "customer_owned_ipv4_pool": "",
            "desync_mitigation_mode": "defensive",
            "dns_name": "WebaapProjectLBASG-799502286.ap-south-1.elb.amazonaws.com",
            "drop_invalid_header_fields": false,
            "enable_cross_zone_load_balancing": true,
            "enable_deletion_protection": false,
            "enable_http2": true,
            "enable_tls_version_and_cipher_suite_headers": false,
            "enable_waf_fail_open": false,
            "enable_xff_client_port": false,
            "id": "arn:aws:elasticloadbalancing:ap-south-1:328245990239:loadbalancer/app/WebaapProjectLBASG/f8cad3f62d6faa94",
            "idle_timeout": 60,
            "internal": false,
            "ip_address_type": "ipv4",
            "load_balancer_type": "application",
            "name": "WebaapProjectLBASG",
            "name_prefix": null,
            "preserve_host_header": false,
            "security_groups": [
              "sg-0852ec50000157728"
            ],
            "subnet_mapping": [
              {
                "allocation_id": "",
                "ipv6_address": "",
                "outpost_id": "",
                "private_ipv4_address": "",
                "subnet_id": "subnet-0992e0febee0a42e2"
              },
              {
                "allocation_id": "",
                "ipv6_address": "",
                "outpost_id": "",
                "private_ipv4_address": "",
                "subnet_id": "subnet-0bfe767f1fe4266f8"
              }
            ],
            "subnets": [
              "subnet-0992e0febee0a42e2",
              "subnet-0bfe767f1fe4266f8"
            ],
            "tags": {
              "Environment": "production"
            },
            "tags_all": {
              "Environment": "production"
            },
            "timeouts": null,
            "vpc_id": "vpc-0d55d7cfc852c6d41",
            "xff_header_processing_mode": "append",
            "zone_id": "ZP97RAFLXTNZK"
          },
          "sensitive_attributes": [],
          "private": "eyJlMmJmYjczMC1lY2FhLTExZTYtOGY4OC0zNDM2M2JjN2M0YzAiOnsiY3JlYXRlIjo2MDAwMDAwMDAwMDAsImRlbGV0ZSI6NjAwMDAwMDAwMDAwLCJ1cGRhdGUiOjYwMDAwMDAwMDAwMH19",
          "dependencies": [
            "aws_security_group.WebaapProjectSG",
            "aws_subnet.WebbappProject_ap-south-1a",
            "aws_subnet.WebbappProject_ap-south-1b",
            "aws_vpc.WebaapProjectVPC"
          ]
        }
      ]
    },
    {
      "mode": "managed",
      "type": "aws_lb_listener",
      "name": "WebaapProjectLBListnerASG",
      "provider": "provider[\"registry.terraform.io/hashicorp/aws\"]",
      "instances": [
        {
          "schema_version": 0,
          "attributes": {
            "alpn_policy": null,
            "arn": "arn:aws:elasticloadbalancing:ap-south-1:328245990239:listener/app/WebaapProjectLBASG/f8cad3f62d6faa94/c10cf8fca0a4ace0",
            "certificate_arn": null,
            "default_action": [
              {
                "authenticate_cognito": [],
                "authenticate_oidc": [],
                "fixed_response": [],
                "forward": [],
                "order": 1,
                "redirect": [],
                "target_group_arn": "arn:aws:elasticloadbalancing:ap-south-1:328245990239:targetgroup/WebaapProjectLBASG/72d24ef185d40da1",
                "type": "forward"
              }
            ],
            "id": "arn:aws:elasticloadbalancing:ap-south-1:328245990239:listener/app/WebaapProjectLBASG/f8cad3f62d6faa94/c10cf8fca0a4ace0",
            "load_balancer_arn": "arn:aws:elasticloadbalancing:ap-south-1:328245990239:loadbalancer/app/WebaapProjectLBASG/f8cad3f62d6faa94",
            "port": 80,
            "protocol": "HTTP",
            "ssl_policy": "",
            "tags": null,
            "tags_all": {},
            "timeouts": null
          },
          "sensitive_attributes": [],
          "private": "eyJlMmJmYjczMC1lY2FhLTExZTYtOGY4OC0zNDM2M2JjN2M0YzAiOnsicmVhZCI6NjAwMDAwMDAwMDAwfX0=",
          "dependencies": [
            "aws_lb.WebaapProjectLBASG",
            "aws_lb_target_group.WebaapProjectLBTargetGroupASG",
            "aws_security_group.WebaapProjectSG",
            "aws_subnet.WebbappProject_ap-south-1a",
            "aws_subnet.WebbappProject_ap-south-1b",
            "aws_vpc.WebaapProjectVPC"
          ]
        }
      ]
    },
    {
      "mode": "managed",
      "type": "aws_lb_target_group",
      "name": "WebaapProjectLBTargetGroupASG",
      "provider": "provider[\"registry.terraform.io/hashicorp/aws\"]",
      "instances": [
        {
          "schema_version": 0,
          "attributes": {
            "arn": "arn:aws:elasticloadbalancing:ap-south-1:328245990239:targetgroup/WebaapProjectLBASG/72d24ef185d40da1",
            "arn_suffix": "targetgroup/WebaapProjectLBASG/72d24ef185d40da1",
            "connection_termination": false,
            "deregistration_delay": "300",
            "health_check": [
              {
                "enabled": true,
                "healthy_threshold": 5,
                "interval": 30,
                "matcher": "200",
                "path": "/",
                "port": "traffic-port",
                "protocol": "HTTP",
                "timeout": 5,
                "unhealthy_threshold": 2
              }
            ],
            "id": "arn:aws:elasticloadbalancing:ap-south-1:328245990239:targetgroup/WebaapProjectLBASG/72d24ef185d40da1",
            "ip_address_type": "ipv4",
            "lambda_multi_value_headers_enabled": false,
            "load_balancing_algorithm_type": "round_robin",
            "load_balancing_cross_zone_enabled": "use_load_balancer_configuration",
            "name": "WebaapProjectLBASG",
            "name_prefix": null,
            "port": 80,
            "preserve_client_ip": null,
            "protocol": "HTTP",
            "protocol_version": "HTTP1",
            "proxy_protocol_v2": false,
            "slow_start": 0,
            "stickiness": [
              {
                "cookie_duration": 86400,
                "cookie_name": "",
                "enabled": false,
                "type": "lb_cookie"
              }
            ],
            "tags": null,
            "tags_all": {},
            "target_failover": [
              {
                "on_deregistration": null,
                "on_unhealthy": null
              }
            ],
            "target_type": "instance",
            "vpc_id": "vpc-0d55d7cfc852c6d41"
          },
          "sensitive_attributes": [],
          "private": "bnVsbA==",
          "dependencies": [
            "aws_vpc.WebaapProjectVPC"
          ]
        }
      ]
    },
    {
      "mode": "managed",
      "type": "aws_route_table",
      "name": "WebaapProjectRT",
      "provider": "provider[\"registry.terraform.io/hashicorp/aws\"]",
      "instances": [
        {
          "schema_version": 0,
          "attributes": {
            "arn": "arn:aws:ec2:ap-south-1:328245990239:route-table/rtb-03717eb46606d6808",
            "id": "rtb-03717eb46606d6808",
            "owner_id": "328245990239",
            "propagating_vgws": [],
            "route": [
              {
                "carrier_gateway_id": "",
                "cidr_block": "0.0.0.0/0",
                "core_network_arn": "",
                "destination_prefix_list_id": "",
                "egress_only_gateway_id": "",
                "gateway_id": "igw-06d77c2a14198a64d",
                "instance_id": "",
                "ipv6_cidr_block": "",
                "local_gateway_id": "",
                "nat_gateway_id": "",
                "network_interface_id": "",
                "transit_gateway_id": "",
                "vpc_endpoint_id": "",
                "vpc_peering_connection_id": ""
              }
            ],
            "tags": {
              "Name": "WebaapProjectRT"
            },
            "tags_all": {
              "Name": "WebaapProjectRT"
            },
            "timeouts": null,
            "vpc_id": "vpc-0d55d7cfc852c6d41"
          },
          "sensitive_attributes": [],
          "private": "eyJlMmJmYjczMC1lY2FhLTExZTYtOGY4OC0zNDM2M2JjN2M0YzAiOnsiY3JlYXRlIjozMDAwMDAwMDAwMDAsImRlbGV0ZSI6MzAwMDAwMDAwMDAwLCJ1cGRhdGUiOjEyMDAwMDAwMDAwMH19",
          "dependencies": [
            "aws_internet_gateway.WebaapProjectIG",
            "aws_vpc.WebaapProjectVPC"
          ]
        }
      ]
    },
    {
      "mode": "managed",
      "type": "aws_route_table",
      "name": "WebaapProjectRT_Private",
      "provider": "provider[\"registry.terraform.io/hashicorp/aws\"]",
      "instances": [
        {
          "schema_version": 0,
          "attributes": {
            "arn": "arn:aws:ec2:ap-south-1:328245990239:route-table/rtb-057eee0c48e1f9e1b",
            "id": "rtb-057eee0c48e1f9e1b",
            "owner_id": "328245990239",
            "propagating_vgws": [],
            "route": [],
            "tags": {
              "Name": "WebaapProjectRT_Private"
            },
            "tags_all": {
              "Name": "WebaapProjectRT_Private"
            },
            "timeouts": null,
            "vpc_id": "vpc-0d55d7cfc852c6d41"
          },
          "sensitive_attributes": [],
          "private": "eyJlMmJmYjczMC1lY2FhLTExZTYtOGY4OC0zNDM2M2JjN2M0YzAiOnsiY3JlYXRlIjozMDAwMDAwMDAwMDAsImRlbGV0ZSI6MzAwMDAwMDAwMDAwLCJ1cGRhdGUiOjEyMDAwMDAwMDAwMH19",
          "dependencies": [
            "aws_vpc.WebaapProjectVPC"
          ]
        }
      ]
    },
    {
      "mode": "managed",
      "type": "aws_route_table_association",
      "name": "WebaapProjectRTAsso1a",
      "provider": "provider[\"registry.terraform.io/hashicorp/aws\"]",
      "instances": [
        {
          "schema_version": 0,
          "attributes": {
            "gateway_id": "",
            "id": "rtbassoc-0adecc2439da31421",
            "route_table_id": "rtb-03717eb46606d6808",
            "subnet_id": "subnet-0992e0febee0a42e2"
          },
          "sensitive_attributes": [],
          "private": "bnVsbA==",
          "dependencies": [
            "aws_internet_gateway.WebaapProjectIG",
            "aws_route_table.WebaapProjectRT",
            "aws_subnet.WebbappProject_ap-south-1a",
            "aws_vpc.WebaapProjectVPC"
          ]
        }
      ]
    },
    {
      "mode": "managed",
      "type": "aws_route_table_association",
      "name": "WebaapProjectRTAsso1b",
      "provider": "provider[\"registry.terraform.io/hashicorp/aws\"]",
      "instances": [
        {
          "schema_version": 0,
          "attributes": {
            "gateway_id": "",
            "id": "rtbassoc-03a2e860748a9446a",
            "route_table_id": "rtb-03717eb46606d6808",
            "subnet_id": "subnet-0bfe767f1fe4266f8"
          },
          "sensitive_attributes": [],
          "private": "bnVsbA==",
          "dependencies": [
            "aws_internet_gateway.WebaapProjectIG",
            "aws_route_table.WebaapProjectRT",
            "aws_subnet.WebbappProject_ap-south-1b",
            "aws_vpc.WebaapProjectVPC"
          ]
        }
      ]
    },
    {
      "mode": "managed",
      "type": "aws_route_table_association",
      "name": "WebaapProjectRTAsso1b_Private",
      "provider": "provider[\"registry.terraform.io/hashicorp/aws\"]",
      "instances": [
        {
          "schema_version": 0,
          "attributes": {
            "gateway_id": "",
            "id": "rtbassoc-0bf909b1356b33dce",
            "route_table_id": "rtb-057eee0c48e1f9e1b",
            "subnet_id": "subnet-0cdea255ce3d48c14"
          },
          "sensitive_attributes": [],
          "private": "bnVsbA==",
          "dependencies": [
            "aws_route_table.WebaapProjectRT_Private",
            "aws_subnet.WebbappProject_ap-south-1b_private",
            "aws_vpc.WebaapProjectVPC"
          ]
        }
      ]
    },
    {
      "mode": "managed",
      "type": "aws_security_group",
      "name": "WebaapProjectSG",
      "provider": "provider[\"registry.terraform.io/hashicorp/aws\"]",
      "instances": [
        {
          "schema_version": 1,
          "attributes": {
            "arn": "arn:aws:ec2:ap-south-1:328245990239:security-group/sg-0852ec50000157728",
            "description": "Allow SS inbound traffic",
            "egress": [
              {
                "cidr_blocks": [
                  "0.0.0.0/0"
                ],
                "description": "",
                "from_port": 0,
                "ipv6_cidr_blocks": [],
                "prefix_list_ids": [],
                "protocol": "-1",
                "security_groups": [],
                "self": false,
                "to_port": 0
              }
            ],
            "id": "sg-0852ec50000157728",
            "ingress": [
              {
                "cidr_blocks": [
                  "0.0.0.0/0"
                ],
                "description": "allow_http",
                "from_port": 80,
                "ipv6_cidr_blocks": [],
                "prefix_list_ids": [],
                "protocol": "tcp",
                "security_groups": [],
                "self": false,
                "to_port": 80
              },
              {
                "cidr_blocks": [
                  "0.0.0.0/0"
                ],
                "description": "allow_ssh",
                "from_port": 22,
                "ipv6_cidr_blocks": [],
                "prefix_list_ids": [],
                "protocol": "tcp",
                "security_groups": [],
                "self": false,
                "to_port": 22
              }
            ],
            "name": "allow_ssh",
            "name_prefix": "",
            "owner_id": "328245990239",
            "revoke_rules_on_delete": false,
            "tags": {
              "Name": "WebaapProjectSG"
            },
            "tags_all": {
              "Name": "WebaapProjectSG"
            },
            "timeouts": null,
            "vpc_id": "vpc-0d55d7cfc852c6d41"
          },
          "sensitive_attributes": [],
          "private": "eyJlMmJmYjczMC1lY2FhLTExZTYtOGY4OC0zNDM2M2JjN2M0YzAiOnsiY3JlYXRlIjo2MDAwMDAwMDAwMDAsImRlbGV0ZSI6OTAwMDAwMDAwMDAwfSwic2NoZW1hX3ZlcnNpb24iOiIxIn0=",
          "dependencies": [
            "aws_vpc.WebaapProjectVPC"
          ]
        }
      ]
    },
    {
      "mode": "managed",
      "type": "aws_subnet",
      "name": "WebbappProject_ap-south-1a",
      "provider": "provider[\"registry.terraform.io/hashicorp/aws\"]",
      "instances": [
        {
          "schema_version": 1,
          "attributes": {
            "arn": "arn:aws:ec2:ap-south-1:328245990239:subnet/subnet-0992e0febee0a42e2",
            "assign_ipv6_address_on_creation": false,
            "availability_zone": "ap-south-1a",
            "availability_zone_id": "aps1-az1",
            "cidr_block": "10.0.0.0/24",
            "customer_owned_ipv4_pool": "",
            "enable_dns64": false,
            "enable_resource_name_dns_a_record_on_launch": false,
            "enable_resource_name_dns_aaaa_record_on_launch": false,
            "id": "subnet-0992e0febee0a42e2",
            "ipv6_cidr_block": "",
            "ipv6_cidr_block_association_id": "",
            "ipv6_native": false,
            "map_customer_owned_ip_on_launch": false,
            "map_public_ip_on_launch": true,
            "outpost_arn": "",
            "owner_id": "328245990239",
            "private_dns_hostname_type_on_launch": "ip-name",
            "tags": {
              "Name": "WebbappProject_ap-1a"
            },
            "tags_all": {
              "Name": "WebbappProject_ap-1a"
            },
            "timeouts": null,
            "vpc_id": "vpc-0d55d7cfc852c6d41"
          },
          "sensitive_attributes": [],
          "private": "eyJlMmJmYjczMC1lY2FhLTExZTYtOGY4OC0zNDM2M2JjN2M0YzAiOnsiY3JlYXRlIjo2MDAwMDAwMDAwMDAsImRlbGV0ZSI6MTIwMDAwMDAwMDAwMH0sInNjaGVtYV92ZXJzaW9uIjoiMSJ9",
          "dependencies": [
            "aws_vpc.WebaapProjectVPC"
          ]
        }
      ]
    },
    {
      "mode": "managed",
      "type": "aws_subnet",
      "name": "WebbappProject_ap-south-1b",
      "provider": "provider[\"registry.terraform.io/hashicorp/aws\"]",
      "instances": [
        {
          "schema_version": 1,
          "attributes": {
            "arn": "arn:aws:ec2:ap-south-1:328245990239:subnet/subnet-0bfe767f1fe4266f8",
            "assign_ipv6_address_on_creation": false,
            "availability_zone": "ap-south-1b",
            "availability_zone_id": "aps1-az3",
            "cidr_block": "10.0.1.0/24",
            "customer_owned_ipv4_pool": "",
            "enable_dns64": false,
            "enable_resource_name_dns_a_record_on_launch": false,
            "enable_resource_name_dns_aaaa_record_on_launch": false,
            "id": "subnet-0bfe767f1fe4266f8",
            "ipv6_cidr_block": "",
            "ipv6_cidr_block_association_id": "",
            "ipv6_native": false,
            "map_customer_owned_ip_on_launch": false,
            "map_public_ip_on_launch": true,
            "outpost_arn": "",
            "owner_id": "328245990239",
            "private_dns_hostname_type_on_launch": "ip-name",
            "tags": {
              "Name": "WebbappProject_ap-1b"
            },
            "tags_all": {
              "Name": "WebbappProject_ap-1b"
            },
            "timeouts": null,
            "vpc_id": "vpc-0d55d7cfc852c6d41"
          },
          "sensitive_attributes": [],
          "private": "eyJlMmJmYjczMC1lY2FhLTExZTYtOGY4OC0zNDM2M2JjN2M0YzAiOnsiY3JlYXRlIjo2MDAwMDAwMDAwMDAsImRlbGV0ZSI6MTIwMDAwMDAwMDAwMH0sInNjaGVtYV92ZXJzaW9uIjoiMSJ9",
          "dependencies": [
            "aws_vpc.WebaapProjectVPC"
          ]
        }
      ]
    },
    {
      "mode": "managed",
      "type": "aws_subnet",
      "name": "WebbappProject_ap-south-1b_private",
      "provider": "provider[\"registry.terraform.io/hashicorp/aws\"]",
      "instances": [
        {
          "schema_version": 1,
          "attributes": {
            "arn": "arn:aws:ec2:ap-south-1:328245990239:subnet/subnet-0cdea255ce3d48c14",
            "assign_ipv6_address_on_creation": false,
            "availability_zone": "ap-south-1b",
            "availability_zone_id": "aps1-az3",
            "cidr_block": "10.0.4.0/24",
            "customer_owned_ipv4_pool": "",
            "enable_dns64": false,
            "enable_resource_name_dns_a_record_on_launch": false,
            "enable_resource_name_dns_aaaa_record_on_launch": false,
            "id": "subnet-0cdea255ce3d48c14",
            "ipv6_cidr_block": "",
            "ipv6_cidr_block_association_id": "",
            "ipv6_native": false,
            "map_customer_owned_ip_on_launch": false,
            "map_public_ip_on_launch": false,
            "outpost_arn": "",
            "owner_id": "328245990239",
            "private_dns_hostname_type_on_launch": "ip-name",
            "tags": {
              "Name": "WebbappProject_ap-1b_private"
            },
            "tags_all": {
              "Name": "WebbappProject_ap-1b_private"
            },
            "timeouts": null,
            "vpc_id": "vpc-0d55d7cfc852c6d41"
          },
          "sensitive_attributes": [],
          "private": "eyJlMmJmYjczMC1lY2FhLTExZTYtOGY4OC0zNDM2M2JjN2M0YzAiOnsiY3JlYXRlIjo2MDAwMDAwMDAwMDAsImRlbGV0ZSI6MTIwMDAwMDAwMDAwMH0sInNjaGVtYV92ZXJzaW9uIjoiMSJ9",
          "dependencies": [
            "aws_vpc.WebaapProjectVPC"
          ]
        }
      ]
    },
    {
      "mode": "managed",
      "type": "aws_vpc",
      "name": "WebaapProjectVPC",
      "provider": "provider[\"registry.terraform.io/hashicorp/aws\"]",
      "instances": [
        {
          "schema_version": 1,
          "attributes": {
            "arn": "arn:aws:ec2:ap-south-1:328245990239:vpc/vpc-0d55d7cfc852c6d41",
            "assign_generated_ipv6_cidr_block": false,
            "cidr_block": "10.0.0.0/16",
            "default_network_acl_id": "acl-073ae96a2b32685e6",
            "default_route_table_id": "rtb-07b0bd9c5374ba01e",
            "default_security_group_id": "sg-09d52867c4b2cda74",
            "dhcp_options_id": "dopt-00e6486a36d6a48de",
            "enable_classiclink": false,
            "enable_classiclink_dns_support": false,
            "enable_dns_hostnames": false,
            "enable_dns_support": true,
            "enable_network_address_usage_metrics": false,
            "id": "vpc-0d55d7cfc852c6d41",
            "instance_tenancy": "default",
            "ipv4_ipam_pool_id": null,
            "ipv4_netmask_length": null,
            "ipv6_association_id": "",
            "ipv6_cidr_block": "",
            "ipv6_cidr_block_network_border_group": "",
            "ipv6_ipam_pool_id": "",
            "ipv6_netmask_length": 0,
            "main_route_table_id": "rtb-07b0bd9c5374ba01e",
            "owner_id": "328245990239",
            "tags": {
              "Name": "WebaapProjectVPC"
            },
            "tags_all": {
              "Name": "WebaapProjectVPC"
            }
          },
          "sensitive_attributes": [],
          "private": "eyJzY2hlbWFfdmVyc2lvbiI6IjEifQ=="
        }
      ]
    }
  ],
  "check_results": null
}
